
Microsoft Visual Studio Solution File, Format Version 12.00
# Visual Studio Version 17
VisualStudioVersion = 17.0.31903.59
MinimumVisualStudioVersion = 10.0.40219.1
Project("{9A19103F-16F7-4668-BE54-9A1E7A4F7556}") = "DiagFileMonitor.Core", "src\DiagFileMonitor.Core\DiagFileMonitor.Core.csproj", "{1AA54B0F-440E-4CB0-876B-ACEEE6D3B71C}"
EndProject
Project("{9A19103F-16F7-4668-BE54-9A1E7A4F7556}") = "DiagFileMonitor.App", "src\DiagFileMonitor.App\DiagFileMonitor.App.csproj", "{CA9DA333-77EF-466F-A029-07786C40858A}"
EndProject
Project("{2150E333-8FDC-42A3-9474-1A3956D46DE8}") = "tests", "tests", "{D7071857-2D37-4495-99EC-FE11CA0BC51D}"
EndProject
Project("{FAE04EC0-301F-11D3-BF4B-00C04F79EFBC}") = "DiagFileMonitor.Core.Tests", "tests\DiagFileMonitor.Core.Tests\DiagFileMonitor.Core.Tests.csproj", "{2BE3BD16-A5C5-4D98-AC53-8FEDBD55FF95}"
EndProject
Global
	GlobalSection(SolutionConfigurationPlatforms) = preSolution
		Debug|Any CPU = Debug|Any CPU
		Release|Any CPU = Release|Any CPU
	EndGlobalSection
	GlobalSection(ProjectConfigurationPlatforms) = postSolution
		{1AA54B0F-440E-4CB0-876B-ACEEE6D3B71C}.Debug|Any CPU.ActiveCfg = Debug|Any CPU
		{1AA54B0F-440E-4CB0-876B-ACEEE6D3B71C}.Debug|Any CPU.Build.0 = Debug|Any CPU
		{1AA54B0F-440E-4CB0-876B-ACEEE6D3B71C}.Release|Any CPU.ActiveCfg = Release|Any CPU
		{1AA54B0F-440E-4CB0-876B-ACEEE6D3B71C}.Release|Any CPU.Build.0 = Release|Any CPU
		{CA9DA333-77EF-466F-A029-07786C40858A}.Debug|Any CPU.ActiveCfg = Debug|Any CPU
		{CA9DA333-77EF-466F-A029-07786C40858A}.Debug|Any CPU.Build.0 = Debug|Any CPU
		{CA9DA333-77EF-466F-A029-07786C40858A}.Release|Any CPU.ActiveCfg = Release|Any CPU
		{CA9DA333-77EF-466F-A029-07786C40858A}.Release|Any CPU.Build.0 = Release|Any CPU
		{2BE3BD16-A5C5-4D98-AC53-8FEDBD55FF95}.Debug|Any CPU.ActiveCfg = Debug|Any CPU
		{2BE3BD16-A5C5-4D98-AC53-8FEDBD55FF95}.Debug|Any CPU.Build.0 = Debug|Any CPU
		{2BE3BD16-A5C5-4D98-AC53-8FEDBD55FF95}.Release|Any CPU.ActiveCfg = Release|Any CPU
		{2BE3BD16-A5C5-4D98-AC53-8FEDBD55FF95}.Release|Any CPU.Build.0 = Release|Any CPU
	EndGlobalSection
	GlobalSection(SolutionProperties) = preSolution
		HideSolutionNode = FALSE
	EndGlobalSection
	GlobalSection(NestedProjects) = preSolution
		{2BE3BD16-A5C5-4D98-AC53-8FEDBD55FF95} = {D7071857-2D37-4495-99EC-FE11CA0BC51D}
	EndGlobalSection
EndGlobal
